
Microsoft Visual Studio Solution File, Format Version 12.00
# Visual Studio Version 16
VisualStudioVersion = 16.0.31515.178
MinimumVisualStudioVersion = 10.0.40219.1
Project("{9A19103F-16F7-4668-BE54-9A1E7A4F7556}") = "CalculoCDB", "CalculoCDB.csproj", "{30DD9B83-B82E-4FC2-822B-A9CE9165A84F}"
EndProject
Project("{9A19103F-16F7-4668-BE54-9A1E7A4F7556}") = "Services", "Services\Services.csproj", "{B5A3E152-D245-45ED-8E9B-5FE570FA7702}"
EndProject
Project("{FAE04EC0-301F-11D3-BF4B-00C04F79EFBC}") = "Entities", "Entities\Entities.csproj", "{CAEFEBFE-A8AD-4A1D-BFB9-2215368F067E}"
EndProject
Project("{FAE04EC0-301F-11D3-BF4B-00C04F79EFBC}") = "Repositories", "Repositories\Repositories.csproj", "{D956AAAC-58C3-42B9-9F54-F05765C7607D}"
EndProject
Project("{2150E333-8FDC-42A3-9474-1A3956D46DE8}") = "1 - Web", "1 - Web", "{C319B5BC-544D-4277-B6AA-80118B4E2CDD}"
EndProject
Project("{2150E333-8FDC-42A3-9474-1A3956D46DE8}") = "2 - Application", "2 - Application", "{0C1DE7F2-B81D-439E-838B-2594B7FDFB8C}"
EndProject
Project("{2150E333-8FDC-42A3-9474-1A3956D46DE8}") = "3 - Domain", "3 - Domain", "{D8DF5FD1-5AF5-4F99-966E-43EEABC3F3F6}"
EndProject
Project("{2150E333-8FDC-42A3-9474-1A3956D46DE8}") = "4 - Infra", "4 - Infra", "{B7EF3C50-FEB1-4A3E-A162-CFD249030F57}"
EndProject
Project("{2150E333-8FDC-42A3-9474-1A3956D46DE8}") = "Data", "Data", "{820B6704-3DC4-4B04-9848-53829E57D486}"
EndProject
Project("{2150E333-8FDC-42A3-9474-1A3956D46DE8}") = "CrossCutting", "CrossCutting", "{4894C468-8284-4247-B677-43CA91FA2803}"
EndProject
Project("{FAE04EC0-301F-11D3-BF4B-00C04F79EFBC}") = "Template.Swagger", "Template.Swagger\Template.Swagger.csproj", "{E96EA9EE-33C0-423D-86B8-6B52D1077867}"
EndProject
Global
	GlobalSection(SolutionConfigurationPlatforms) = preSolution
		Debug|Any CPU = Debug|Any CPU
		Release|Any CPU = Release|Any CPU
	EndGlobalSection
	GlobalSection(ProjectConfigurationPlatforms) = postSolution
		{30DD9B83-B82E-4FC2-822B-A9CE9165A84F}.Debug|Any CPU.ActiveCfg = Debug|Any CPU
		{30DD9B83-B82E-4FC2-822B-A9CE9165A84F}.Debug|Any CPU.Build.0 = Debug|Any CPU
		{30DD9B83-B82E-4FC2-822B-A9CE9165A84F}.Release|Any CPU.ActiveCfg = Release|Any CPU
		{30DD9B83-B82E-4FC2-822B-A9CE9165A84F}.Release|Any CPU.Build.0 = Release|Any CPU
		{B5A3E152-D245-45ED-8E9B-5FE570FA7702}.Debug|Any CPU.ActiveCfg = Debug|Any CPU
		{B5A3E152-D245-45ED-8E9B-5FE570FA7702}.Debug|Any CPU.Build.0 = Debug|Any CPU
		{B5A3E152-D245-45ED-8E9B-5FE570FA7702}.Release|Any CPU.ActiveCfg = Release|Any CPU
		{B5A3E152-D245-45ED-8E9B-5FE570FA7702}.Release|Any CPU.Build.0 = Release|Any CPU
		{CAEFEBFE-A8AD-4A1D-BFB9-2215368F067E}.Debug|Any CPU.ActiveCfg = Debug|Any CPU
		{CAEFEBFE-A8AD-4A1D-BFB9-2215368F067E}.Debug|Any CPU.Build.0 = Debug|Any CPU
		{CAEFEBFE-A8AD-4A1D-BFB9-2215368F067E}.Release|Any CPU.ActiveCfg = Release|Any CPU
		{CAEFEBFE-A8AD-4A1D-BFB9-2215368F067E}.Release|Any CPU.Build.0 = Release|Any CPU
		{D956AAAC-58C3-42B9-9F54-F05765C7607D}.Debug|Any CPU.ActiveCfg = Debug|Any CPU
		{D956AAAC-58C3-42B9-9F54-F05765C7607D}.Debug|Any CPU.Build.0 = Debug|Any CPU
		{D956AAAC-58C3-42B9-9F54-F05765C7607D}.Release|Any CPU.ActiveCfg = Release|Any CPU
		{D956AAAC-58C3-42B9-9F54-F05765C7607D}.Release|Any CPU.Build.0 = Release|Any CPU
		{E96EA9EE-33C0-423D-86B8-6B52D1077867}.Debug|Any CPU.ActiveCfg = Debug|Any CPU
		{E96EA9EE-33C0-423D-86B8-6B52D1077867}.Debug|Any CPU.Build.0 = Debug|Any CPU
		{E96EA9EE-33C0-423D-86B8-6B52D1077867}.Release|Any CPU.ActiveCfg = Release|Any CPU
		{E96EA9EE-33C0-423D-86B8-6B52D1077867}.Release|Any CPU.Build.0 = Release|Any CPU
	EndGlobalSection
	GlobalSection(SolutionProperties) = preSolution
		HideSolutionNode = FALSE
	EndGlobalSection
	GlobalSection(NestedProjects) = preSolution
		{30DD9B83-B82E-4FC2-822B-A9CE9165A84F} = {C319B5BC-544D-4277-B6AA-80118B4E2CDD}
		{B5A3E152-D245-45ED-8E9B-5FE570FA7702} = {0C1DE7F2-B81D-439E-838B-2594B7FDFB8C}
		{CAEFEBFE-A8AD-4A1D-BFB9-2215368F067E} = {D8DF5FD1-5AF5-4F99-966E-43EEABC3F3F6}
		{D956AAAC-58C3-42B9-9F54-F05765C7607D} = {820B6704-3DC4-4B04-9848-53829E57D486}
		{820B6704-3DC4-4B04-9848-53829E57D486} = {B7EF3C50-FEB1-4A3E-A162-CFD249030F57}
		{4894C468-8284-4247-B677-43CA91FA2803} = {B7EF3C50-FEB1-4A3E-A162-CFD249030F57}
		{E96EA9EE-33C0-423D-86B8-6B52D1077867} = {4894C468-8284-4247-B677-43CA91FA2803}
	EndGlobalSection
	GlobalSection(ExtensibilityGlobals) = postSolution
		SolutionGuid = {9509E464-31CB-49AB-BDD3-D32834CBB3A9}
	EndGlobalSection
EndGlobal
