{
  "requires": true,
  "lockfileVersion": 1,
  "dependencies": {
    "tslib": {
      "version": "2.5.0",
      "resolved": "https://registry.npmjs.org/tslib/-/tslib-2.5.0.tgz",
      "integrity": "sha512-336iVw3rtn2BUK7ORdIAHTyxHGRIHVReokCR3XjbckJMK7ms8FysBfhLR8IXnAgy7T0PTPNBWKiH514FOW/WSg=="
    },
    "zone.js": {
      "version": "0.11.3",
      "resolved": "https://registry.npmjs.org/zone.js/-/zone.js-0.11.3.tgz",
      "integrity": "sha512-Y4hTHoh4VcxU5BDGAqEoOnOiyT254w6CiHtpQxAJUSMZPyVgdbKf+5R7Mwz6xsPhMIeBXk5rTopRZDpjssTCUg==",
      "requires": {
        "tslib": "^2.0.0"
      }
    }
  }
}
